// !$*UTF8*$!
{
	archiveVersion = 1;
	classes = {
	};
	objectVersion = 46;
	objects = {

/* Begin PBXBuildFile section */
		7D5F37A11D1F9F9D00029860 /* AppDelegate.swift in Sources */ = {isa = PBXBuildFile; fileRef = 7D5F37A01D1F9F9D00029860 /* AppDelegate.swift */; };
		7D5F37A31D1F9F9D00029860 /* ViewController.swift in Sources */ = {isa = PBXBuildFile; fileRef = 7D5F37A21D1F9F9D00029860 /* ViewController.swift */; };
		7D5F37A61D1F9F9D00029860 /* Main.storyboard in Resources */ = {isa = PBXBuildFile; fileRef = 7D5F37A41D1F9F9D00029860 /* Main.storyboard */; };
		7D5F37A91D1F9F9D00029860 /* Meetups.xcdatamodeld in Sources */ = {isa = PBXBuildFile; fileRef = 7D5F37A71D1F9F9D00029860 /* Meetups.xcdatamodeld */; };
		7D5F37AB1D1F9F9D00029860 /* Assets.xcassets in Resources */ = {isa = PBXBuildFile; fileRef = 7D5F37AA1D1F9F9D00029860 /* Assets.xcassets */; };
		7D5F37AE1D1F9F9D00029860 /* LaunchScreen.storyboard in Resources */ = {isa = PBXBuildFile; fileRef = 7D5F37AC1D1F9F9D00029860 /* LaunchScreen.storyboard */; };
		7D5F37B91D1F9F9D00029860 /* MeetupsTests.swift in Sources */ = {isa = PBXBuildFile; fileRef = 7D5F37B81D1F9F9D00029860 /* MeetupsTests.swift */; };
		7D5F37C41D1F9F9D00029860 /* MeetupsUITests.swift in Sources */ = {isa = PBXBuildFile; fileRef = 7D5F37C31D1F9F9D00029860 /* MeetupsUITests.swift */; };
/* End PBXBuildFile section */

/* Begin PBXContainerItemProxy section */
		7D5F37B51D1F9F9D00029860 /* PBXContainerItemProxy */ = {
			isa = PBXContainerItemProxy;
			containerPortal = 7D5F37951D1F9F9D00029860 /* Project object */;
			proxyType = 1;
			remoteGlobalIDString = 7D5F379C1D1F9F9D00029860;
			remoteInfo = Meetups;
		};
		7D5F37C01D1F9F9D00029860 /* PBXContainerItemProxy */ = {
			isa = PBXContainerItemProxy;
			containerPortal = 7D5F37951D1F9F9D00029860 /* Project object */;
			proxyType = 1;
			remoteGlobalIDString = 7D5F379C1D1F9F9D00029860;
			remoteInfo = Meetups;
		};
/* End PBXContainerItemProxy section */

/* Begin PBXFileReference section */
		7D5F379D1D1F9F9D00029860 /* Meetups.app */ = {isa = PBXFileReference; explicitFileType = wrapper.application; includeInIndex = 0; path = Meetups.app; sourceTree = BUILT_PRODUCTS_DIR; };
		7D5F37A01D1F9F9D00029860 /* AppDelegate.swift */ = {isa = PBXFileReference; lastKnownFileType = sourcecode.swift; path = AppDelegate.swift; sourceTree = "<group>"; };
		7D5F37A21D1F9F9D00029860 /* ViewController.swift */ = {isa = PBXFileReference; lastKnownFileType = sourcecode.swift; path = ViewController.swift; sourceTree = "<group>"; };
		7D5F37A51D1F9F9D00029860 /* Base */ = {isa = PBXFileReference; lastKnownFileType = file.storyboard; name = Base; path = Base.lproj/Main.storyboard; sourceTree = "<group>"; };
		7D5F37A81D1F9F9D00029860 /* Meetups.xcdatamodel */ = {isa = PBXFileReference; lastKnownFileType = wrapper.xcdatamodel; path = Meetups.xcdatamodel; sourceTree = "<group>"; };
		7D5F37AA1D1F9F9D00029860 /* Assets.xcassets */ = {isa = PBXFileReference; lastKnownFileType = folder.assetcatalog; path = Assets.xcassets; sourceTree = "<group>"; };
		7D5F37AD1D1F9F9D00029860 /* Base */ = {isa = PBXFileReference; lastKnownFileType = file.storyboard; name = Base; path = Base.lproj/LaunchScreen.storyboard; sourceTree = "<group>"; };
		7D5F37AF1D1F9F9D00029860 /* Info.plist */ = {isa = PBXFileReference; lastKnownFileType = text.plist.xml; path = Info.plist; sourceTree = "<group>"; };
		7D5F37B41D1F9F9D00029860 /* MeetupsTests.xctest */ = {isa = PBXFileReference; explicitFileType = wrapper.cfbundle; includeInIndex = 0; path = MeetupsTests.xctest; sourceTree = BUILT_PRODUCTS_DIR; };
		7D5F37B81D1F9F9D00029860 /* MeetupsTests.swift */ = {isa = PBXFileReference; lastKnownFileType = sourcecode.swift; path = MeetupsTests.swift; sourceTree = "<group>"; };
		7D5F37BA1D1F9F9D00029860 /* Info.plist */ = {isa = PBXFileReference; lastKnownFileType = text.plist.xml; path = Info.plist; sourceTree = "<group>"; };
		7D5F37BF1D1F9F9D00029860 /* MeetupsUITests.xctest */ = {isa = PBXFileReference; explicitFileType = wrapper.cfbundle; includeInIndex = 0; path = MeetupsUITests.xctest; sourceTree = BUILT_PRODUCTS_DIR; };
		7D5F37C31D1F9F9D00029860 /* MeetupsUITests.swift */ = {isa = PBXFileReference; lastKnownFileType = sourcecode.swift; path = MeetupsUITests.swift; sourceTree = "<group>"; };
		7D5F37C51D1F9F9D00029860 /* Info.plist */ = {isa = PBXFileReference; lastKnownFileType = text.plist.xml; path = Info.plist; sourceTree = "<group>"; };
/* End PBXFileReference section */

/* Begin PBXFrameworksBuildPhase section */
		7D5F379A1D1F9F9D00029860 /* Frameworks */ = {
			isa = PBXFrameworksBuildPhase;
			buildActionMask = 2147483647;
			files = (
			);
			runOnlyForDeploymentPostprocessing = 0;
		};
		7D5F37B11D1F9F9D00029860 /* Frameworks */ = {
			isa = PBXFrameworksBuildPhase;
			buildActionMask = 2147483647;
			files = (
			);
			runOnlyForDeploymentPostprocessing = 0;
		};
		7D5F37BC1D1F9F9D00029860 /* Frameworks */ = {
			isa = PBXFrameworksBuildPhase;
			buildActionMask = 2147483647;
			files = (
			);
			runOnlyForDeploymentPostprocessing = 0;
		};
/* End PBXFrameworksBuildPhase section */

/* Begin PBXGroup section */
		7D5F37941D1F9F9D00029860 = {
			isa = PBXGroup;
			children = (
				7D5F379F1D1F9F9D00029860 /* Meetups */,
				7D5F37B71D1F9F9D00029860 /* MeetupsTests */,
				7D5F37C21D1F9F9D00029860 /* MeetupsUITests */,
				7D5F379E1D1F9F9D00029860 /* Products */,
			);
			sourceTree = "<group>";
		};
		7D5F379E1D1F9F9D00029860 /* Products */ = {
			isa = PBXGroup;
			children = (
				7D5F379D1D1F9F9D00029860 /* Meetups.app */,
				7D5F37B41D1F9F9D00029860 /* MeetupsTests.xctest */,
				7D5F37BF1D1F9F9D00029860 /* MeetupsUITests.xctest */,
			);
			name = Products;
			sourceTree = "<group>";
		};
		7D5F379F1D1F9F9D00029860 /* Meetups */ = {
			isa = PBXGroup;
			children = (
				7D5F37A01D1F9F9D00029860 /* AppDelegate.swift */,
				7D5F37A21D1F9F9D00029860 /* ViewController.swift */,
				7D5F37A41D1F9F9D00029860 /* Main.storyboard */,
				7D5F37AA1D1F9F9D00029860 /* Assets.xcassets */,
				7D5F37AC1D1F9F9D00029860 /* LaunchScreen.storyboard */,
				7D5F37AF1D1F9F9D00029860 /* Info.plist */,
				7D5F37A71D1F9F9D00029860 /* Meetups.xcdatamodeld */,
			);
			path = Meetups;
			sourceTree = "<group>";
		};
		7D5F37B71D1F9F9D00029860 /* MeetupsTests */ = {
			isa = PBXGroup;
			children = (
				7D5F37B81D1F9F9D00029860 /* MeetupsTests.swift */,
				7D5F37BA1D1F9F9D00029860 /* Info.plist */,
			);
			path = MeetupsTests;
			sourceTree = "<group>";
		};
		7D5F37C21D1F9F9D00029860 /* MeetupsUITests */ = {
			isa = PBXGroup;
			children = (
				7D5F37C31D1F9F9D00029860 /* MeetupsUITests.swift */,
				7D5F37C51D1F9F9D00029860 /* Info.plist */,
			);
			path = MeetupsUITests;
			sourceTree = "<group>";
		};
/* End PBXGroup section */

/* Begin PBXNativeTarget section */
		7D5F379C1D1F9F9D00029860 /* Meetups */ = {
			isa = PBXNativeTarget;
			buildConfigurationList = 7D5F37C81D1F9F9D00029860 /* Build configuration list for PBXNativeTarget "Meetups" */;
			buildPhases = (
				7D5F37991D1F9F9D00029860 /* Sources */,
				7D5F379A1D1F9F9D00029860 /* Frameworks */,
				7D5F379B1D1F9F9D00029860 /* Resources */,
			);
			buildRules = (
			);
			dependencies = (
			);
			name = Meetups;
			productName = Meetups;
			productReference = 7D5F379D1D1F9F9D00029860 /* Meetups.app */;
			productType = "com.apple.product-type.application";
		};
		7D5F37B31D1F9F9D00029860 /* MeetupsTests */ = {
			isa = PBXNativeTarget;
			buildConfigurationList = 7D5F37CB1D1F9F9D00029860 /* Build configuration list for PBXNativeTarget "MeetupsTests" */;
			buildPhases = (
				7D5F37B01D1F9F9D00029860 /* Sources */,
				7D5F37B11D1F9F9D00029860 /* Frameworks */,
				7D5F37B21D1F9F9D00029860 /* Resources */,
			);
			buildRules = (
			);
			dependencies = (
				7D5F37B61D1F9F9D00029860 /* PBXTargetDependency */,
			);
			name = MeetupsTests;
			productName = MeetupsTests;
			productReference = 7D5F37B41D1F9F9D00029860 /* MeetupsTests.xctest */;
			productType = "com.apple.product-type.bundle.unit-test";
		};
		7D5F37BE1D1F9F9D00029860 /* MeetupsUITests */ = {
			isa = PBXNativeTarget;
			buildConfigurationList = 7D5F37CE1D1F9F9D00029860 /* Build configuration list for PBXNativeTarget "MeetupsUITests" */;
			buildPhases = (
				7D5F37BB1D1F9F9D00029860 /* Sources */,
				7D5F37BC1D1F9F9D00029860 /* Frameworks */,
				7D5F37BD1D1F9F9D00029860 /* Resources */,
			);
			buildRules = (
			);
			dependencies = (
				7D5F37C11D1F9F9D00029860 /* PBXTargetDependency */,
			);
			name = MeetupsUITests;
			productName = MeetupsUITests;
			productReference = 7D5F37BF1D1F9F9D00029860 /* MeetupsUITests.xctest */;
			productType = "com.apple.product-type.bundle.ui-testing";
		};
/* End PBXNativeTarget section */

/* Begin PBXProject section */
		7D5F37951D1F9F9D00029860 /* Project object */ = {
			isa = PBXProject;
			attributes = {
				LastSwiftUpdateCheck = 0730;
				LastUpgradeCheck = 0730;
				ORGANIZATIONNAME = ph;
				TargetAttributes = {
					7D5F379C1D1F9F9D00029860 = {
						CreatedOnToolsVersion = 7.3.1;
					};
					7D5F37B31D1F9F9D00029860 = {
						CreatedOnToolsVersion = 7.3.1;
						TestTargetID = 7D5F379C1D1F9F9D00029860;
					};
					7D5F37BE1D1F9F9D00029860 = {
						CreatedOnToolsVersion = 7.3.1;
						TestTargetID = 7D5F379C1D1F9F9D00029860;
					};
				};
			};
			buildConfigurationList = 7D5F37981D1F9F9D00029860 /* Build configuration list for PBXProject "Meetups" */;
			compatibilityVersion = "Xcode 3.2";
			developmentRegion = English;
			hasScannedForEncodings = 0;
			knownRegions = (
				en,
				Base,
			);
			mainGroup = 7D5F37941D1F9F9D00029860;
			productRefGroup = 7D5F379E1D1F9F9D00029860 /* Products */;
			projectDirPath = "";
			projectRoot = "";
			targets = (
				7D5F379C1D1F9F9D00029860 /* Meetups */,
				7D5F37B31D1F9F9D00029860 /* MeetupsTests */,
				7D5F37BE1D1F9F9D00029860 /* MeetupsUITests */,
			);
		};
/* End PBXProject section */

/* Begin PBXResourcesBuildPhase section */
		7D5F379B1D1F9F9D00029860 /* Resources */ = {
			isa = PBXResourcesBuildPhase;
			buildActionMask = 2147483647;
			files = (
				7D5F37AE1D1F9F9D00029860 /* LaunchScreen.storyboard in Resources */,
				7D5F37AB1D1F9F9D00029860 /* Assets.xcassets in Resources */,
				7D5F37A61D1F9F9D00029860 /* Main.storyboard in Resources */,
			);
			runOnlyForDeploymentPostprocessing = 0;
		};
		7D5F37B21D1F9F9D00029860 /* Resources */ = {
			isa = PBXResourcesBuildPhase;
			buildActionMask = 2147483647;
			files = (
			);
			runOnlyForDeploymentPostprocessing = 0;
		};
		7D5F37BD1D1F9F9D00029860 /* Resources */ = {
			isa = PBXResourcesBuildPhase;
			buildActionMask = 2147483647;
			files = (
			);
			runOnlyForDeploymentPostprocessing = 0;
		};
/* End PBXResourcesBuildPhase section */

/* Begin PBXSourcesBuildPhase section */
		7D5F37991D1F9F9D00029860 /* Sources */ = {
			isa = PBXSourcesBuildPhase;
			buildActionMask = 2147483647;
			files = (
				7D5F37A31D1F9F9D00029860 /* ViewController.swift in Sources */,
				7D5F37A91D1F9F9D00029860 /* Meetups.xcdatamodeld in Sources */,
				7D5F37A11D1F9F9D00029860 /* AppDelegate.swift in Sources */,
			);
			runOnlyForDeploymentPostprocessing = 0;
		};
		7D5F37B01D1F9F9D00029860 /* Sources */ = {
			isa = PBXSourcesBuildPhase;
			buildActionMask = 2147483647;
			files = (
				7D5F37B91D1F9F9D00029860 /* MeetupsTests.swift in Sources */,
			);
			runOnlyForDeploymentPostprocessing = 0;
		};
		7D5F37BB1D1F9F9D00029860 /* Sources */ = {
			isa = PBXSourcesBuildPhase;
			buildActionMask = 2147483647;
			files = (
				7D5F37C41D1F9F9D00029860 /* MeetupsUITests.swift in Sources */,
			);
			runOnlyForDeploymentPostprocessing = 0;
		};
/* End PBXSourcesBuildPhase section */

/* Begin PBXTargetDependency section */
		7D5F37B61D1F9F9D00029860 /* PBXTargetDependency */ = {
			isa = PBXTargetDependency;
			target = 7D5F379C1D1F9F9D00029860 /* Meetups */;
			targetProxy = 7D5F37B51D1F9F9D00029860 /* PBXContainerItemProxy */;
		};
		7D5F37C11D1F9F9D00029860 /* PBXTargetDependency */ = {
			isa = PBXTargetDependency;
			target = 7D5F379C1D1F9F9D00029860 /* Meetups */;
			targetProxy = 7D5F37C01D1F9F9D00029860 /* PBXContainerItemProxy */;
		};
/* End PBXTargetDependency section */

/* Begin PBXVariantGroup section */
		7D5F37A41D1F9F9D00029860 /* Main.storyboard */ = {
			isa = PBXVariantGroup;
			children = (
				7D5F37A51D1F9F9D00029860 /* Base */,
			);
			name = Main.storyboard;
			sourceTree = "<group>";
		};
		7D5F37AC1D1F9F9D00029860 /* LaunchScreen.storyboard */ = {
			isa = PBXVariantGroup;
			children = (
				7D5F37AD1D1F9F9D00029860 /* Base */,
			);
			name = LaunchScreen.storyboard;
			sourceTree = "<group>";
		};
/* End PBXVariantGroup section */

/* Begin XCBuildConfiguration section */
		7D5F37C61D1F9F9D00029860 /* Debug */ = {
			isa = XCBuildConfiguration;
			buildSettings = {
				ALWAYS_SEARCH_USER_PATHS = NO;
				CLANG_ANALYZER_NONNULL = YES;
				CLANG_CXX_LANGUAGE_STANDARD = "gnu++0x";
				CLANG_CXX_LIBRARY = "libc++";
				CLANG_ENABLE_MODULES = YES;
				CLANG_ENABLE_OBJC_ARC = YES;
				CLANG_WARN_BOOL_CONVERSION = YES;
				CLANG_WARN_CONSTANT_CONVERSION = YES;
				CLANG_WARN_DIRECT_OBJC_ISA_USAGE = YES_ERROR;
				CLANG_WARN_EMPTY_BODY = YES;
				CLANG_WARN_ENUM_CONVERSION = YES;
				CLANG_WARN_INT_CONVERSION = YES;
				CLANG_WARN_OBJC_ROOT_CLASS = YES_ERROR;
				CLANG_WARN_UNREACHABLE_CODE = YES;
				CLANG_WARN__DUPLICATE_METHOD_MATCH = YES;
				"CODE_SIGN_IDENTITY[sdk=iphoneos*]" = "iPhone Developer";
				COPY_PHASE_STRIP = NO;
				DEBUG_INFORMATION_FORMAT = dwarf;
				ENABLE_STRICT_OBJC_MSGSEND = YES;
				ENABLE_TESTABILITY = YES;
				GCC_C_LANGUAGE_STANDARD = gnu99;
				GCC_DYNAMIC_NO_PIC = NO;
				GCC_NO_COMMON_BLOCKS = YES;
				GCC_OPTIMIZATION_LEVEL = 0;
				GCC_PREPROCESSOR_DEFINITIONS = (
					"DEBUG=1",
					"$(inherited)",
				);
				GCC_WARN_64_TO_32_BIT_CONVERSION = YES;
				GCC_WARN_ABOUT_RETURN_TYPE = YES_ERROR;
				GCC_WARN_UNDECLARED_SELECTOR = YES;
				GCC_WARN_UNINITIALIZED_AUTOS = YES_AGGRESSIVE;
				GCC_WARN_UNUSED_FUNCTION = YES;
				GCC_WARN_UNUSED_VARIABLE = YES;
				IPHONEOS_DEPLOYMENT_TARGET = 9.3;
				MTL_ENABLE_DEBUG_INFO = YES;
				ONLY_ACTIVE_ARCH = YES;
				SDKROOT = iphoneos;
				SWIFT_OPTIMIZATION_LEVEL = "-Onone";
				TARGETED_DEVICE_FAMILY = "1,2";
			};
			name = Debug;
		};
		7D5F37C71D1F9F9D00029860 /* Release */ = {
			isa = XCBuildConfiguration;
			buildSettings = {
				ALWAYS_SEARCH_USER_PATHS = NO;
				CLANG_ANALYZER_NONNULL = YES;
				CLANG_CXX_LANGUAGE_STANDARD = "gnu++0x";
				CLANG_CXX_LIBRARY = "libc++";
				CLANG_ENABLE_MODULES = YES;
				CLANG_ENABLE_OBJC_ARC = YES;
				CLANG_WARN_BOOL_CONVERSION = YES;
				CLANG_WARN_CONSTANT_CONVERSION = YES;
				CLANG_WARN_DIRECT_OBJC_ISA_USAGE = YES_ERROR;
				CLANG_WARN_EMPTY_BODY = YES;
				CLANG_WARN_ENUM_CONVERSION = YES;
				CLANG_WARN_INT_CONVERSION = YES;
				CLANG_WARN_OBJC_ROOT_CLASS = YES_ERROR;
				CLANG_WARN_UNREACHABLE_CODE = YES;
				CLANG_WARN__DUPLICATE_METHOD_MATCH = YES;
				"CODE_SIGN_IDENTITY[sdk=iphoneos*]" = "iPhone Developer";
				COPY_PHASE_STRIP = NO;
				DEBUG_INFORMATION_FORMAT = "dwarf-with-dsym";
				ENABLE_NS_ASSERTIONS = NO;
				ENABLE_STRICT_OBJC_MSGSEND = YES;
				GCC_C_LANGUAGE_STANDARD = gnu99;
				GCC_NO_COMMON_BLOCKS = YES;
				GCC_WARN_64_TO_32_BIT_CONVERSION = YES;
				GCC_WARN_ABOUT_RETURN_TYPE = YES_ERROR;
				GCC_WARN_UNDECLARED_SELECTOR = YES;
				GCC_WARN_UNINITIALIZED_AUTOS = YES_AGGRESSIVE;
				GCC_WARN_UNUSED_FUNCTION = YES;
				GCC_WARN_UNUSED_VARIABLE = YES;
				IPHONEOS_DEPLOYMENT_TARGET = 9.3;
				MTL_ENABLE_DEBUG_INFO = NO;
				SDKROOT = iphoneos;
				TARGETED_DEVICE_FAMILY = "1,2";
				VALIDATE_PRODUCT = YES;
			};
			name = Release;
		};
		7D5F37C91D1F9F9D00029860 /* Debug */ = {
			isa = XCBuildConfiguration;
			buildSettings = {
				ASSETCATALOG_COMPILER_APPICON_NAME = AppIcon;
				INFOPLIST_FILE = Meetups/Info.plist;
				LD_RUNPATH_SEARCH_PATHS = "$(inherited) @executable_path/Frameworks";
				PRODUCT_BUNDLE_IDENTIFIER = ph.Meetups;
				PRODUCT_NAME = "$(TARGET_NAME)";
			};
			name = Debug;
		};
		7D5F37CA1D1F9F9D00029860 /* Release */ = {
			isa = XCBuildConfiguration;
			buildSettings = {
				ASSETCATALOG_COMPILER_APPICON_NAME = AppIcon;
				INFOPLIST_FILE = Meetups/Info.plist;
				LD_RUNPATH_SEARCH_PATHS = "$(inherited) @executable_path/Frameworks";
				PRODUCT_BUNDLE_IDENTIFIER = ph.Meetups;
				PRODUCT_NAME = "$(TARGET_NAME)";
			};
			name = Release;
		};
		7D5F37CC1D1F9F9D00029860 /* Debug */ = {
			isa = XCBuildConfiguration;
			buildSettings = {
				BUNDLE_LOADER = "$(TEST_HOST)";
				INFOPLIST_FILE = MeetupsTests/Info.plist;
				LD_RUNPATH_SEARCH_PATHS = "$(inherited) @executable_path/Frameworks @loader_path/Frameworks";
				PRODUCT_BUNDLE_IDENTIFIER = ph.MeetupsTests;
				PRODUCT_NAME = "$(TARGET_NAME)";
				TEST_HOST = "$(BUILT_PRODUCTS_DIR)/Meetups.app/Meetups";
			};
			name = Debug;
		};
		7D5F37CD1D1F9F9D00029860 /* Release */ = {
			isa = XCBuildConfiguration;
			buildSettings = {
				BUNDLE_LOADER = "$(TEST_HOST)";
				INFOPLIST_FILE = MeetupsTests/Info.plist;
				LD_RUNPATH_SEARCH_PATHS = "$(inherited) @executable_path/Frameworks @loader_path/Frameworks";
				PRODUCT_BUNDLE_IDENTIFIER = ph.MeetupsTests;
				PRODUCT_NAME = "$(TARGET_NAME)";
				TEST_HOST = "$(BUILT_PRODUCTS_DIR)/Meetups.app/Meetups";
			};
			name = Release;
		};
		7D5F37CF1D1F9F9D00029860 /* Debug */ = {
			isa = XCBuildConfiguration;
			buildSettings = {
				INFOPLIST_FILE = MeetupsUITests/Info.plist;
				LD_RUNPATH_SEARCH_PATHS = "$(inherited) @executable_path/Frameworks @loader_path/Frameworks";
				PRODUCT_BUNDLE_IDENTIFIER = ph.MeetupsUITests;
				PRODUCT_NAME = "$(TARGET_NAME)";
				TEST_TARGET_NAME = Meetups;
			};
			name = Debug;
		};
		7D5F37D01D1F9F9D00029860 /* Release */ = {
			isa = XCBuildConfiguration;
			buildSettings = {
				INFOPLIST_FILE = MeetupsUITests/Info.plist;
				LD_RUNPATH_SEARCH_PATHS = "$(inherited) @executable_path/Frameworks @loader_path/Frameworks";
				PRODUCT_BUNDLE_IDENTIFIER = ph.MeetupsUITests;
				PRODUCT_NAME = "$(TARGET_NAME)";
				TEST_TARGET_NAME = Meetups;
			};
			name = Release;
		};
/* End XCBuildConfiguration section */

/* Begin XCConfigurationList section */
		7D5F37981D1F9F9D00029860 /* Build configuration list for PBXProject "Meetups" */ = {
			isa = XCConfigurationList;
			buildConfigurations = (
				7D5F37C61D1F9F9D00029860 /* Debug */,
				7D5F37C71D1F9F9D00029860 /* Release */,
			);
			defaultConfigurationIsVisible = 0;
			defaultConfigurationName = Release;
		};
		7D5F37C81D1F9F9D00029860 /* Build configuration list for PBXNativeTarget "Meetups" */ = {
			isa = XCConfigurationList;
			buildConfigurations = (
				7D5F37C91D1F9F9D00029860 /* Debug */,
				7D5F37CA1D1F9F9D00029860 /* Release */,
			);
			defaultConfigurationIsVisible = 0;
		};
		7D5F37CB1D1F9F9D00029860 /* Build configuration list for PBXNativeTarget "MeetupsTests" */ = {
			isa = XCConfigurationList;
			buildConfigurations = (
				7D5F37CC1D1F9F9D00029860 /* Debug */,
				7D5F37CD1D1F9F9D00029860 /* Release */,
			);
			defaultConfigurationIsVisible = 0;
		};
		7D5F37CE1D1F9F9D00029860 /* Build configuration list for PBXNativeTarget "MeetupsUITests" */ = {
			isa = XCConfigurationList;
			buildConfigurations = (
				7D5F37CF1D1F9F9D00029860 /* Debug */,
				7D5F37D01D1F9F9D00029860 /* Release */,
			);
			defaultConfigurationIsVisible = 0;
		};
/* End XCConfigurationList section */

/* Begin XCVersionGroup section */
		7D5F37A71D1F9F9D00029860 /* Meetups.xcdatamodeld */ = {
			isa = XCVersionGroup;
			children = (
				7D5F37A81D1F9F9D00029860 /* Meetups.xcdatamodel */,
			);
			currentVersion = 7D5F37A81D1F9F9D00029860 /* Meetups.xcdatamodel */;
			path = Meetups.xcdatamodeld;
			sourceTree = "<group>";
			versionGroupType = wrapper.xcdatamodel;
		};
/* End XCVersionGroup section */
	};
	rootObject = 7D5F37951D1F9F9D00029860 /* Project object */;
}
